// !$*UTF8*$!
{
	archiveVersion = 1;
	classes = {
	};
	objectVersion = 46;
	objects = {

/* Begin PBXBuildFile section */
		09338D8602D9D191BAE99600 /* Pods_HypeMachineMusic.framework in Frameworks */ = {isa = PBXBuildFile; fileRef = B4DCF9C682EF0113D8604566 /* Pods_HypeMachineMusic.framework */; };
		C739FF441E5B8AA600C9FC20 /* Posting.swift in Sources */ = {isa = PBXBuildFile; fileRef = C739FF431E5B8AA600C9FC20 /* Posting.swift */; };
		C739FF461E5BA18000C9FC20 /* PostTableViewCell.swift in Sources */ = {isa = PBXBuildFile; fileRef = C739FF451E5BA18000C9FC20 /* PostTableViewCell.swift */; };
		D59A442E1E5B72A800F570BF /* AppDelegate.swift in Sources */ = {isa = PBXBuildFile; fileRef = D59A442D1E5B72A800F570BF /* AppDelegate.swift */; };
		D59A44301E5B72A800F570BF /* ViewController.swift in Sources */ = {isa = PBXBuildFile; fileRef = D59A442F1E5B72A800F570BF /* ViewController.swift */; };
		D59A44331E5B72A800F570BF /* Main.storyboard in Resources */ = {isa = PBXBuildFile; fileRef = D59A44311E5B72A800F570BF /* Main.storyboard */; };
		D59A44351E5B72A800F570BF /* Assets.xcassets in Resources */ = {isa = PBXBuildFile; fileRef = D59A44341E5B72A800F570BF /* Assets.xcassets */; };
		D59A44381E5B72A800F570BF /* LaunchScreen.storyboard in Resources */ = {isa = PBXBuildFile; fileRef = D59A44361E5B72A800F570BF /* LaunchScreen.storyboard */; };
		D59A44411E5B72D900F570BF /* HypeMClient.swift in Sources */ = {isa = PBXBuildFile; fileRef = D59A44401E5B72D900F570BF /* HypeMClient.swift */; };
/* End PBXBuildFile section */

/* Begin PBXFileReference section */
		5E267F610B14E0F3176B12FC /* Pods-HypeMachineMusic.release.xcconfig */ = {isa = PBXFileReference; includeInIndex = 1; lastKnownFileType = text.xcconfig; name = "Pods-HypeMachineMusic.release.xcconfig"; path = "Pods/Target Support Files/Pods-HypeMachineMusic/Pods-HypeMachineMusic.release.xcconfig"; sourceTree = "<group>"; };
		9FCF76781ECAC15BD09BD513 /* Pods-HypeMachineMusic.debug.xcconfig */ = {isa = PBXFileReference; includeInIndex = 1; lastKnownFileType = text.xcconfig; name = "Pods-HypeMachineMusic.debug.xcconfig"; path = "Pods/Target Support Files/Pods-HypeMachineMusic/Pods-HypeMachineMusic.debug.xcconfig"; sourceTree = "<group>"; };
		B4DCF9C682EF0113D8604566 /* Pods_HypeMachineMusic.framework */ = {isa = PBXFileReference; explicitFileType = wrapper.framework; includeInIndex = 0; path = Pods_HypeMachineMusic.framework; sourceTree = BUILT_PRODUCTS_DIR; };
		C739FF431E5B8AA600C9FC20 /* Posting.swift */ = {isa = PBXFileReference; fileEncoding = 4; lastKnownFileType = sourcecode.swift; path = Posting.swift; sourceTree = "<group>"; };
		C739FF451E5BA18000C9FC20 /* PostTableViewCell.swift */ = {isa = PBXFileReference; fileEncoding = 4; lastKnownFileType = sourcecode.swift; path = PostTableViewCell.swift; sourceTree = "<group>"; };
		D59A442A1E5B72A800F570BF /* HypeMachineMusic.app */ = {isa = PBXFileReference; explicitFileType = wrapper.application; includeInIndex = 0; path = HypeMachineMusic.app; sourceTree = BUILT_PRODUCTS_DIR; };
		D59A442D1E5B72A800F570BF /* AppDelegate.swift */ = {isa = PBXFileReference; lastKnownFileType = sourcecode.swift; path = AppDelegate.swift; sourceTree = "<group>"; };
		D59A442F1E5B72A800F570BF /* ViewController.swift */ = {isa = PBXFileReference; lastKnownFileType = sourcecode.swift; path = ViewController.swift; sourceTree = "<group>"; };
		D59A44321E5B72A800F570BF /* Base */ = {isa = PBXFileReference; lastKnownFileType = file.storyboard; name = Base; path = Base.lproj/Main.storyboard; sourceTree = "<group>"; };
		D59A44341E5B72A800F570BF /* Assets.xcassets */ = {isa = PBXFileReference; lastKnownFileType = folder.assetcatalog; path = Assets.xcassets; sourceTree = "<group>"; };
		D59A44371E5B72A800F570BF /* Base */ = {isa = PBXFileReference; lastKnownFileType = file.storyboard; name = Base; path = Base.lproj/LaunchScreen.storyboard; sourceTree = "<group>"; };
		D59A44391E5B72A800F570BF /* Info.plist */ = {isa = PBXFileReference; lastKnownFileType = text.plist.xml; path = Info.plist; sourceTree = "<group>"; };
		D59A44401E5B72D900F570BF /* HypeMClient.swift */ = {isa = PBXFileReference; fileEncoding = 4; lastKnownFileType = sourcecode.swift; path = HypeMClient.swift; sourceTree = "<group>"; };
/* End PBXFileReference section */

/* Begin PBXFrameworksBuildPhase section */
		D59A44271E5B72A800F570BF /* Frameworks */ = {
			isa = PBXFrameworksBuildPhase;
			buildActionMask = 2147483647;
			files = (
				09338D8602D9D191BAE99600 /* Pods_HypeMachineMusic.framework in Frameworks */,
			);
			runOnlyForDeploymentPostprocessing = 0;
		};
/* End PBXFrameworksBuildPhase section */

/* Begin PBXGroup section */
		0BD05F87011A1C74D80778CA /* Frameworks */ = {
			isa = PBXGroup;
			children = (
				B4DCF9C682EF0113D8604566 /* Pods_HypeMachineMusic.framework */,
			);
			name = Frameworks;
			sourceTree = "<group>";
		};
		D59A44211E5B72A800F570BF = {
			isa = PBXGroup;
			children = (
				D59A442C1E5B72A800F570BF /* HypeMachineMusic */,
				D59A442B1E5B72A800F570BF /* Products */,
				D9D56AA160A409967D822479 /* Pods */,
				0BD05F87011A1C74D80778CA /* Frameworks */,
			);
			sourceTree = "<group>";
		};
		D59A442B1E5B72A800F570BF /* Products */ = {
			isa = PBXGroup;
			children = (
				D59A442A1E5B72A800F570BF /* HypeMachineMusic.app */,
			);
			name = Products;
			sourceTree = "<group>";
		};
		D59A442C1E5B72A800F570BF /* HypeMachineMusic */ = {
			isa = PBXGroup;
			children = (
				D59A442D1E5B72A800F570BF /* AppDelegate.swift */,
				D59A44451E5B73B000F570BF /* Models */,
				D59A44441E5B73AD00F570BF /* Views */,
				D59A44431E5B73A600F570BF /* View Controllers */,
				D59A44461E5B73BA00F570BF /* UI */,
				D59A443F1E5B72CD00F570BF /* API */,
				D59A44341E5B72A800F570BF /* Assets.xcassets */,
				D59A44361E5B72A800F570BF /* LaunchScreen.storyboard */,
				D59A44391E5B72A800F570BF /* Info.plist */,
			);
			path = HypeMachineMusic;
			sourceTree = "<group>";
		};
		D59A443F1E5B72CD00F570BF /* API */ = {
			isa = PBXGroup;
			children = (
				D59A44401E5B72D900F570BF /* HypeMClient.swift */,
			);
			name = API;
			sourceTree = "<group>";
		};
		D59A44431E5B73A600F570BF /* View Controllers */ = {
			isa = PBXGroup;
			children = (
				D59A442F1E5B72A800F570BF /* ViewController.swift */,
			);
			name = "View Controllers";
			sourceTree = "<group>";
		};
		D59A44441E5B73AD00F570BF /* Views */ = {
			isa = PBXGroup;
			children = (
				C739FF451E5BA18000C9FC20 /* PostTableViewCell.swift */,
			);
			name = Views;
			sourceTree = "<group>";
		};
		D59A44451E5B73B000F570BF /* Models */ = {
			isa = PBXGroup;
			children = (
				C739FF431E5B8AA600C9FC20 /* Posting.swift */,
			);
			name = Models;
			sourceTree = "<group>";
		};
		D59A44461E5B73BA00F570BF /* UI */ = {
			isa = PBXGroup;
			children = (
				D59A44311E5B72A800F570BF /* Main.storyboard */,
			);
			name = UI;
			sourceTree = "<group>";
		};
		D9D56AA160A409967D822479 /* Pods */ = {
			isa = PBXGroup;
			children = (
				9FCF76781ECAC15BD09BD513 /* Pods-HypeMachineMusic.debug.xcconfig */,
				5E267F610B14E0F3176B12FC /* Pods-HypeMachineMusic.release.xcconfig */,
			);
			name = Pods;
			sourceTree = "<group>";
		};
/* End PBXGroup section */

/* Begin PBXNativeTarget section */
		D59A44291E5B72A800F570BF /* HypeMachineMusic */ = {
			isa = PBXNativeTarget;
			buildConfigurationList = D59A443C1E5B72A800F570BF /* Build configuration list for PBXNativeTarget "HypeMachineMusic" */;
			buildPhases = (
				04EBCE42798F385DFE79D031 /* [CP] Check Pods Manifest.lock */,
				D59A44261E5B72A800F570BF /* Sources */,
				D59A44271E5B72A800F570BF /* Frameworks */,
				D59A44281E5B72A800F570BF /* Resources */,
				9AE16D7A8D46DCAD6E19453B /* [CP] Embed Pods Frameworks */,
				772DC72CCD54C61B995BB5CC /* [CP] Copy Pods Resources */,
			);
			buildRules = (
			);
			dependencies = (
			);
			name = HypeMachineMusic;
			productName = HypeMachineMusic;
			productReference = D59A442A1E5B72A800F570BF /* HypeMachineMusic.app */;
			productType = "com.apple.product-type.application";
		};
/* End PBXNativeTarget section */

/* Begin PBXProject section */
		D59A44221E5B72A800F570BF /* Project object */ = {
			isa = PBXProject;
			attributes = {
				LastSwiftUpdateCheck = 0820;
				LastUpgradeCheck = 0820;
				ORGANIZATIONNAME = "Nick McDonald";
				TargetAttributes = {
					D59A44291E5B72A800F570BF = {
						CreatedOnToolsVersion = 8.2.1;
						DevelopmentTeam = 3QT27T2PJ3;
						ProvisioningStyle = Automatic;
					};
				};
			};
			buildConfigurationList = D59A44251E5B72A800F570BF /* Build configuration list for PBXProject "HypeMachineMusic" */;
			compatibilityVersion = "Xcode 3.2";
			developmentRegion = English;
			hasScannedForEncodings = 0;
			knownRegions = (
				en,
				Base,
			);
			mainGroup = D59A44211E5B72A800F570BF;
			productRefGroup = D59A442B1E5B72A800F570BF /* Products */;
			projectDirPath = "";
			projectRoot = "";
			targets = (
				D59A44291E5B72A800F570BF /* HypeMachineMusic */,
			);
		};
/* End PBXProject section */

/* Begin PBXResourcesBuildPhase section */
		D59A44281E5B72A800F570BF /* Resources */ = {
			isa = PBXResourcesBuildPhase;
			buildActionMask = 2147483647;
			files = (
				D59A44381E5B72A800F570BF /* LaunchScreen.storyboard in Resources */,
				D59A44351E5B72A800F570BF /* Assets.xcassets in Resources */,
				D59A44331E5B72A800F570BF /* Main.storyboard in Resources */,
			);
			runOnlyForDeploymentPostprocessing = 0;
		};
/* End PBXResourcesBuildPhase section */

/* Begin PBXShellScriptBuildPhase section */
		04EBCE42798F385DFE79D031 /* [CP] Check Pods Manifest.lock */ = {
			isa = PBXShellScriptBuildPhase;
			buildActionMask = 2147483647;
			files = (
			);
			inputPaths = (
			);
			name = "[CP] Check Pods Manifest.lock";
			outputPaths = (
			);
			runOnlyForDeploymentPostprocessing = 0;
			shellPath = /bin/sh;
			shellScript = "diff \"${PODS_ROOT}/../Podfile.lock\" \"${PODS_ROOT}/Manifest.lock\" > /dev/null\nif [ $? != 0 ] ; then\n    # print error to STDERR\n    echo \"error: The sandbox is not in sync with the Podfile.lock. Run 'pod install' or update your CocoaPods installation.\" >&2\n    exit 1\nfi\n";
			showEnvVarsInLog = 0;
		};
		772DC72CCD54C61B995BB5CC /* [CP] Copy Pods Resources */ = {
			isa = PBXShellScriptBuildPhase;
			buildActionMask = 2147483647;
			files = (
			);
			inputPaths = (
			);
			name = "[CP] Copy Pods Resources";
			outputPaths = (
			);
			runOnlyForDeploymentPostprocessing = 0;
			shellPath = /bin/sh;
			shellScript = "\"${SRCROOT}/Pods/Target Support Files/Pods-HypeMachineMusic/Pods-HypeMachineMusic-resources.sh\"\n";
			showEnvVarsInLog = 0;
		};
		9AE16D7A8D46DCAD6E19453B /* [CP] Embed Pods Frameworks */ = {
			isa = PBXShellScriptBuildPhase;
			buildActionMask = 2147483647;
			files = (
			);
			inputPaths = (
			);
			name = "[CP] Embed Pods Frameworks";
			outputPaths = (
			);
			runOnlyForDeploymentPostprocessing = 0;
			shellPath = /bin/sh;
			shellScript = "\"${SRCROOT}/Pods/Target Support Files/Pods-HypeMachineMusic/Pods-HypeMachineMusic-frameworks.sh\"\n";
			showEnvVarsInLog = 0;
		};
/* End PBXShellScriptBuildPhase section */

/* Begin PBXSourcesBuildPhase section */
		D59A44261E5B72A800F570BF /* Sources */ = {
			isa = PBXSourcesBuildPhase;
			buildActionMask = 2147483647;
			files = (
				C739FF441E5B8AA600C9FC20 /* Posting.swift in Sources */,
				D59A44301E5B72A800F570BF /* ViewController.swift in Sources */,
				C739FF461E5BA18000C9FC20 /* PostTableViewCell.swift in Sources */,
				D59A442E1E5B72A800F570BF /* AppDelegate.swift in Sources */,
				D59A44411E5B72D900F570BF /* HypeMClient.swift in Sources */,
			);
			runOnlyForDeploymentPostprocessing = 0;
		};
/* End PBXSourcesBuildPhase section */

/* Begin PBXVariantGroup section */
		D59A44311E5B72A800F570BF /* Main.storyboard */ = {
			isa = PBXVariantGroup;
			children = (
				D59A44321E5B72A800F570BF /* Base */,
			);
			name = Main.storyboard;
			sourceTree = "<group>";
		};
		D59A44361E5B72A800F570BF /* LaunchScreen.storyboard */ = {
			isa = PBXVariantGroup;
			children = (
				D59A44371E5B72A800F570BF /* Base */,
			);
			name = LaunchScreen.storyboard;
			sourceTree = "<group>";
		};
/* End PBXVariantGroup section */

/* Begin XCBuildConfiguration section */
		D59A443A1E5B72A800F570BF /* Debug */ = {
			isa = XCBuildConfiguration;
			buildSettings = {
				ALWAYS_SEARCH_USER_PATHS = NO;
				CLANG_ANALYZER_NONNULL = YES;
				CLANG_CXX_LANGUAGE_STANDARD = "gnu++0x";
				CLANG_CXX_LIBRARY = "libc++";
				CLANG_ENABLE_MODULES = YES;
				CLANG_ENABLE_OBJC_ARC = YES;
				CLANG_WARN_BOOL_CONVERSION = YES;
				CLANG_WARN_CONSTANT_CONVERSION = YES;
				CLANG_WARN_DIRECT_OBJC_ISA_USAGE = YES_ERROR;
				CLANG_WARN_DOCUMENTATION_COMMENTS = YES;
				CLANG_WARN_EMPTY_BODY = YES;
				CLANG_WARN_ENUM_CONVERSION = YES;
				CLANG_WARN_INFINITE_RECURSION = YES;
				CLANG_WARN_INT_CONVERSION = YES;
				CLANG_WARN_OBJC_ROOT_CLASS = YES_ERROR;
				CLANG_WARN_SUSPICIOUS_MOVE = YES;
				CLANG_WARN_UNREACHABLE_CODE = YES;
				CLANG_WARN__DUPLICATE_METHOD_MATCH = YES;
				"CODE_SIGN_IDENTITY[sdk=iphoneos*]" = "iPhone Developer";
				COPY_PHASE_STRIP = NO;
				DEBUG_INFORMATION_FORMAT = dwarf;
				ENABLE_STRICT_OBJC_MSGSEND = YES;
				ENABLE_TESTABILITY = YES;
				GCC_C_LANGUAGE_STANDARD = gnu99;
				GCC_DYNAMIC_NO_PIC = NO;
				GCC_NO_COMMON_BLOCKS = YES;
				GCC_OPTIMIZATION_LEVEL = 0;
				GCC_PREPROCESSOR_DEFINITIONS = (
					"DEBUG=1",
					"$(inherited)",
				);
				GCC_WARN_64_TO_32_BIT_CONVERSION = YES;
				GCC_WARN_ABOUT_RETURN_TYPE = YES_ERROR;
				GCC_WARN_UNDECLARED_SELECTOR = YES;
				GCC_WARN_UNINITIALIZED_AUTOS = YES_AGGRESSIVE;
				GCC_WARN_UNUSED_FUNCTION = YES;
				GCC_WARN_UNUSED_VARIABLE = YES;
				IPHONEOS_DEPLOYMENT_TARGET = 10.2;
				MTL_ENABLE_DEBUG_INFO = YES;
				ONLY_ACTIVE_ARCH = YES;
				SDKROOT = iphoneos;
				SWIFT_ACTIVE_COMPILATION_CONDITIONS = DEBUG;
				SWIFT_OPTIMIZATION_LEVEL = "-Onone";
			};
			name = Debug;
		};
		D59A443B1E5B72A800F570BF /* Release */ = {
			isa = XCBuildConfiguration;
			buildSettings = {
				ALWAYS_SEARCH_USER_PATHS = NO;
				CLANG_ANALYZER_NONNULL = YES;
				CLANG_CXX_LANGUAGE_STANDARD = "gnu++0x";
				CLANG_CXX_LIBRARY = "libc++";
				CLANG_ENABLE_MODULES = YES;
				CLANG_ENABLE_OBJC_ARC = YES;
				CLANG_WARN_BOOL_CONVERSION = YES;
				CLANG_WARN_CONSTANT_CONVERSION = YES;
				CLANG_WARN_DIRECT_OBJC_ISA_USAGE = YES_ERROR;
				CLANG_WARN_DOCUMENTATION_COMMENTS = YES;
				CLANG_WARN_EMPTY_BODY = YES;
				CLANG_WARN_ENUM_CONVERSION = YES;
				CLANG_WARN_INFINITE_RECURSION = YES;
				CLANG_WARN_INT_CONVERSION = YES;
				CLANG_WARN_OBJC_ROOT_CLASS = YES_ERROR;
				CLANG_WARN_SUSPICIOUS_MOVE = YES;
				CLANG_WARN_UNREACHABLE_CODE = YES;
				CLANG_WARN__DUPLICATE_METHOD_MATCH = YES;
				"CODE_SIGN_IDENTITY[sdk=iphoneos*]" = "iPhone Developer";
				COPY_PHASE_STRIP = NO;
				DEBUG_INFORMATION_FORMAT = "dwarf-with-dsym";
				ENABLE_NS_ASSERTIONS = NO;
				ENABLE_STRICT_OBJC_MSGSEND = YES;
				GCC_C_LANGUAGE_STANDARD = gnu99;
				GCC_NO_COMMON_BLOCKS = YES;
				GCC_WARN_64_TO_32_BIT_CONVERSION = YES;
				GCC_WARN_ABOUT_RETURN_TYPE = YES_ERROR;
				GCC_WARN_UNDECLARED_SELECTOR = YES;
				GCC_WARN_UNINITIALIZED_AUTOS = YES_AGGRESSIVE;
				GCC_WARN_UNUSED_FUNCTION = YES;
				GCC_WARN_UNUSED_VARIABLE = YES;
				IPHONEOS_DEPLOYMENT_TARGET = 10.2;
				MTL_ENABLE_DEBUG_INFO = NO;
				SDKROOT = iphoneos;
				SWIFT_OPTIMIZATION_LEVEL = "-Owholemodule";
				VALIDATE_PRODUCT = YES;
			};
			name = Release;
		};
		D59A443D1E5B72A800F570BF /* Debug */ = {
			isa = XCBuildConfiguration;
			baseConfigurationReference = 9FCF76781ECAC15BD09BD513 /* Pods-HypeMachineMusic.debug.xcconfig */;
			buildSettings = {
				ASSETCATALOG_COMPILER_APPICON_NAME = AppIcon;
				DEVELOPMENT_TEAM = 3QT27T2PJ3;
				INFOPLIST_FILE = HypeMachineMusic/Info.plist;
				LD_RUNPATH_SEARCH_PATHS = "$(inherited) @executable_path/Frameworks";
				PRODUCT_BUNDLE_IDENTIFIER = com.nickdonald.HypeMachineMusic;
				PRODUCT_NAME = "$(TARGET_NAME)";
				SWIFT_VERSION = 3.0;
			};
			name = Debug;
		};
		D59A443E1E5B72A800F570BF /* Release */ = {
			isa = XCBuildConfiguration;
			baseConfigurationReference = 5E267F610B14E0F3176B12FC /* Pods-HypeMachineMusic.release.xcconfig */;
			buildSettings = {
				ASSETCATALOG_COMPILER_APPICON_NAME = AppIcon;
				DEVELOPMENT_TEAM = 3QT27T2PJ3;
				INFOPLIST_FILE = HypeMachineMusic/Info.plist;
				LD_RUNPATH_SEARCH_PATHS = "$(inherited) @executable_path/Frameworks";
				PRODUCT_BUNDLE_IDENTIFIER = com.nickdonald.HypeMachineMusic;
				PRODUCT_NAME = "$(TARGET_NAME)";
				SWIFT_VERSION = 3.0;
			};
			name = Release;
		};
/* End XCBuildConfiguration section */

/* Begin XCConfigurationList section */
		D59A44251E5B72A800F570BF /* Build configuration list for PBXProject "HypeMachineMusic" */ = {
			isa = XCConfigurationList;
			buildConfigurations = (
				D59A443A1E5B72A800F570BF /* Debug */,
				D59A443B1E5B72A800F570BF /* Release */,
			);
			defaultConfigurationIsVisible = 0;
			defaultConfigurationName = Release;
		};
		D59A443C1E5B72A800F570BF /* Build configuration list for PBXNativeTarget "HypeMachineMusic" */ = {
			isa = XCConfigurationList;
			buildConfigurations = (
				D59A443D1E5B72A800F570BF /* Debug */,
				D59A443E1E5B72A800F570BF /* Release */,
			);
			defaultConfigurationIsVisible = 0;
			defaultConfigurationName = Release;
		};
/* End XCConfigurationList section */
	};
	rootObject = D59A44221E5B72A800F570BF /* Project object */;
}
